
Microsoft Visual Studio Solution File, Format Version 12.00
Project("{FAE04EC0-301F-11D3-BF4B-00C04F79EFBC}") = "Assignment2.1_RwayTrie", "Assignment2.1_RwayTrie.csproj", "{3146AE9A-8DEC-45D4-A8E0-F83DE7E10CEC}"
EndProject
Global
	GlobalSection(SolutionConfigurationPlatforms) = preSolution
		Debug|Any CPU = Debug|Any CPU
		Release|Any CPU = Release|Any CPU
	EndGlobalSection
	GlobalSection(ProjectConfigurationPlatforms) = postSolution
		{3146AE9A-8DEC-45D4-A8E0-F83DE7E10CEC}.Debug|Any CPU.ActiveCfg = Debug|Any CPU
		{3146AE9A-8DEC-45D4-A8E0-F83DE7E10CEC}.Debug|Any CPU.Build.0 = Debug|Any CPU
		{3146AE9A-8DEC-45D4-A8E0-F83DE7E10CEC}.Release|Any CPU.ActiveCfg = Release|Any CPU
		{3146AE9A-8DEC-45D4-A8E0-F83DE7E10CEC}.Release|Any CPU.Build.0 = Release|Any CPU
	EndGlobalSection
EndGlobal
